{
  "requires": true,
  "lockfileVersion": 1,
  "dependencies": {
    "@juggle/resize-observer": {
      "version": "3.3.1",
      "resolved": "https://registry.npmjs.org/@juggle/resize-observer/-/resize-observer-3.3.1.tgz",
      "integrity": "sha512-zMM9Ds+SawiUkakS7y94Ymqx+S0ORzpG3frZirN3l+UlXUmSUR7hF4wxCVqW+ei94JzV5kt0uXBcoOEAuiydrw=="
    },
    "can-use-dom": {
      "version": "0.1.0",
      "resolved": "https://registry.npmjs.org/can-use-dom/-/can-use-dom-0.1.0.tgz",
      "integrity": "sha1-IsxKNKCrxDlQ9CxkEQJKP2NmtFo="
    },
    "core-js": {
      "version": "3.22.1",
      "resolved": "https://registry.npmjs.org/core-js/-/core-js-3.22.1.tgz",
      "integrity": "sha512-l6CwCLq7XgITOQGhv1dIUmwCFoqFjyQ6zQHUCQlS0xKmb9d6OHIg8jDiEoswhaettT21BSF5qKr6kbvE+aKwxw=="
    },
    "easy-scroll": {
      "version": "0.7.0",
      "resolved": "https://registry.npmjs.org/easy-scroll/-/easy-scroll-0.7.0.tgz",
      "integrity": "sha512-FIP+UjU58SG/Hig8u3B8Ld5ssRGzTvv4aOxQLskyvQVnoEEftWe221hw39qyx6jYe2hU2trBVp/lPZbT+SVA4A=="
    },
    "lodash-es": {
      "version": "4.17.21",
      "resolved": "https://registry.npmjs.org/lodash-es/-/lodash-es-4.17.21.tgz",
      "integrity": "sha512-mKnC+QJ9pWVzv+C4/U3rRsHapFfHvQFoFB92e52xeyGMcX6/OlIl78je1u8vePzYZSkkogMPJ2yjxxsb89cxyw=="
    },
    "lodash.debounce": {
      "version": "4.0.8",
      "resolved": "https://registry.npmjs.org/lodash.debounce/-/lodash.debounce-4.0.8.tgz",
      "integrity": "sha1-gteb/zCmfEAF/9XiUVMArZyk168="
    },
    "lodash.memoize": {
      "version": "4.1.2",
      "resolved": "https://registry.npmjs.org/lodash.memoize/-/lodash.memoize-4.1.2.tgz",
      "integrity": "sha1-vMbEmkKihA7Zl/Mj6tpezRguC/4="
    },
    "lodash.throttle": {
      "version": "4.1.1",
      "resolved": "https://registry.npmjs.org/lodash.throttle/-/lodash.throttle-4.1.1.tgz",
      "integrity": "sha1-wj6RtxAkKscMN/HhzaknTMOb8vQ="
    },
    "minibarjs": {
      "version": "0.5.1",
      "resolved": "https://registry.npmjs.org/minibarjs/-/minibarjs-0.5.1.tgz",
      "integrity": "sha512-F1hDy+u2dDh7U/P3Lp5l/Zs0TXZ8nw9MxGmO2A5TFIQfTj7fVizYfTRzWYsqss9q6d0MvPe5m+70TNsOac856A=="
    },
    "perfect-scrollbar": {
      "version": "1.5.5",
      "resolved": "https://registry.npmjs.org/perfect-scrollbar/-/perfect-scrollbar-1.5.5.tgz",
      "integrity": "sha512-dzalfutyP3e/FOpdlhVryN4AJ5XDVauVWxybSkLZmakFE2sS3y3pc4JnSprw8tGmHvkaG5Edr5T7LBTZ+WWU2g=="
    },
    "simplebar": {
      "version": "5.3.6",
      "resolved": "https://registry.npmjs.org/simplebar/-/simplebar-5.3.6.tgz",
      "integrity": "sha512-FJUMbV+hNDd/m+1/fvD41TXKd5mSdlI5zgBygkaQIV3SffNbcLhSbJT6ufTs8ZNRLJ6i+qc/KCFMqWmvlGWMhA==",
      "requires": {
        "@juggle/resize-observer": "^3.3.1",
        "can-use-dom": "^0.1.0",
        "core-js": "^3.0.1",
        "lodash.debounce": "^4.0.8",
        "lodash.memoize": "^4.1.2",
        "lodash.throttle": "^4.1.1"
      }
    },
    "smooth-scrollbar": {
      "version": "8.7.4",
      "resolved": "https://registry.npmjs.org/smooth-scrollbar/-/smooth-scrollbar-8.7.4.tgz",
      "integrity": "sha512-BSqZJExXoGbl9FGA4ci33DNmlHFRvDxJk4Q8OXmYykRLa1Hzg2YiV5slVogMd1UsxzNf6m0nralT8GdanKWoYw==",
      "requires": {
        "core-js": "^3.6.4",
        "lodash-es": "^4.17.21",
        "tslib": "^1.10.0"
      }
    },
    "tslib": {
      "version": "1.14.1",
      "resolved": "https://registry.npmjs.org/tslib/-/tslib-1.14.1.tgz",
      "integrity": "sha512-Xni35NKzjgMrwevysHTCArtLDpPvye8zV/0E4EyYn43P7/7qvQwPh9BGkHewbMulVntbigmcT7rdX3BNo9wRJg=="
    }
  }
}
